
Microsoft Visual Studio Solution File, Format Version 12.00
# Visual Studio Version 17
VisualStudioVersion = 17.4.33213.308
MinimumVisualStudioVersion = 10.0.40219.1
Project("{FAE04EC0-301F-11D3-BF4B-00C04F79EFBC}") = "ConsoleInputSample", "ConsoleInputSample.csproj", "{11C76626-B204-4E40-B915-7D2AE646DA2F}"
EndProject
Project("{FAE04EC0-301F-11D3-BF4B-00C04F79EFBC}") = "ProgramUnitTest", "..\ProgramUnitTest\ProgramUnitTest.csproj", "{80C5CA54-5AFF-4336-84F8-305CC3A651CF}"
EndProject
Global
	GlobalSection(SolutionConfigurationPlatforms) = preSolution
		Debug|Any CPU = Debug|Any CPU
		Release|Any CPU = Release|Any CPU
	EndGlobalSection
	GlobalSection(ProjectConfigurationPlatforms) = postSolution
		{11C76626-B204-4E40-B915-7D2AE646DA2F}.Debug|Any CPU.ActiveCfg = Debug|Any CPU
		{11C76626-B204-4E40-B915-7D2AE646DA2F}.Debug|Any CPU.Build.0 = Debug|Any CPU
		{11C76626-B204-4E40-B915-7D2AE646DA2F}.Release|Any CPU.ActiveCfg = Release|Any CPU
		{11C76626-B204-4E40-B915-7D2AE646DA2F}.Release|Any CPU.Build.0 = Release|Any CPU
		{80C5CA54-5AFF-4336-84F8-305CC3A651CF}.Debug|Any CPU.ActiveCfg = Debug|Any CPU
		{80C5CA54-5AFF-4336-84F8-305CC3A651CF}.Debug|Any CPU.Build.0 = Debug|Any CPU
		{80C5CA54-5AFF-4336-84F8-305CC3A651CF}.Release|Any CPU.ActiveCfg = Release|Any CPU
		{80C5CA54-5AFF-4336-84F8-305CC3A651CF}.Release|Any CPU.Build.0 = Release|Any CPU
	EndGlobalSection
	GlobalSection(SolutionProperties) = preSolution
		HideSolutionNode = FALSE
	EndGlobalSection
	GlobalSection(ExtensibilityGlobals) = postSolution
		SolutionGuid = {96F865E7-B37C-415C-9C93-139F5EA22CEA}
	EndGlobalSection
EndGlobal
